
Microsoft Visual Studio Solution File, Format Version 12.00
# Visual Studio Version 17
VisualStudioVersion = 17.12.35527.113 d17.12
MinimumVisualStudioVersion = 10.0.40219.1
Project("{FAE04EC0-301F-11D3-BF4B-00C04F79EFBC}") = "OdevUygulama12", "OdevUygulama12.csproj", "{411F3529-6789-4AA8-B882-E5EA606C5CED}"
EndProject
Global
	GlobalSection(SolutionConfigurationPlatforms) = preSolution
		Debug|Any CPU = Debug|Any CPU
		Release|Any CPU = Release|Any CPU
	EndGlobalSection
	GlobalSection(ProjectConfigurationPlatforms) = postSolution
		{411F3529-6789-4AA8-B882-E5EA606C5CED}.Debug|Any CPU.ActiveCfg = Debug|Any CPU
		{411F3529-6789-4AA8-B882-E5EA606C5CED}.Debug|Any CPU.Build.0 = Debug|Any CPU
		{411F3529-6789-4AA8-B882-E5EA606C5CED}.Release|Any CPU.ActiveCfg = Release|Any CPU
		{411F3529-6789-4AA8-B882-E5EA606C5CED}.Release|Any CPU.Build.0 = Release|Any CPU
	EndGlobalSection
	GlobalSection(SolutionProperties) = preSolution
		HideSolutionNode = FALSE
	EndGlobalSection
EndGlobal
